{
  "name": "parent",
  "version": "1.0.0",
  "lockfileVersion": 1,
  "requires": true,
  "dependencies": {
    "parcel-plugin-svelte": {
      "version": "4.0.9",
      "resolved": "https://registry.npmjs.org/parcel-plugin-svelte/-/parcel-plugin-svelte-4.0.9.tgz",
      "integrity": "sha512-ZMAvd3FS/J+4apTJTZhrQ3gl/37sVSBgMPgjzPuWcIhzvk69zFiUa0vSv8heyGSPVCRwrzr/V3UQQX1uap2uwQ==",
      "dev": true
    }
  }
}
